
Microsoft Visual Studio Solution File, Format Version 12.00
# Visual Studio Version 16
VisualStudioVersion = 16.0.28803.452
MinimumVisualStudioVersion = 10.0.40219.1
Project("{2150E333-8FDC-42A3-9474-1A3956D46DE8}") = "ulearn-additional", "ulearn-additional", "{81290224-5D9F-4659-AB7D-A0D9E7645FE0}"
EndProject
Project("{2150E333-8FDC-42A3-9474-1A3956D46DE8}") = "reflection", "reflection", "{72B4B929-3787-4CF7-AA9C-CB0EE9393EAC}"
EndProject
Project("{FAE04EC0-301F-11D3-BF4B-00C04F79EFBC}") = "Stringify", "reflection\Stringify\Stringify.csproj", "{F316D94C-AB04-4349-98E0-DC3B3D46F256}"
EndProject
Project("{FAE04EC0-301F-11D3-BF4B-00C04F79EFBC}") = "Invoking", "reflection\Invoking\Invoking.csproj", "{C4A3F591-E228-4522-9720-160EC4534825}"
EndProject
Project("{FAE04EC0-301F-11D3-BF4B-00C04F79EFBC}") = "Documentation", "reflection\Documentation\Documentation.csproj", "{E147ABFB-D6D4-40E7-A964-F0C43679D490}"
EndProject
Project("{2150E333-8FDC-42A3-9474-1A3956D46DE8}") = "proxy", "proxy", "{37672145-0CFE-4329-BF81-4C915E9FAB58}"
EndProject
Project("{9A19103F-16F7-4668-BE54-9A1E7A4F7556}") = "Task", "proxy\Task\Task.csproj", "{26840BBA-E7A0-49D8-9511-941FE9AFC31A}"
EndProject
Project("{2150E333-8FDC-42A3-9474-1A3956D46DE8}") = "http", "http", "{B3A6B8A7-2827-47E4-9B7B-7B61BCA6A66F}"
EndProject
Project("{FAE04EC0-301F-11D3-BF4B-00C04F79EFBC}") = "Task", "http\HttpTask\Task.csproj", "{1D4223D1-C264-448B-8E81-D2FB32D1A749}"
EndProject
Project("{2150E333-8FDC-42A3-9474-1A3956D46DE8}") = "fluent", "fluent", "{6CC524F5-00A5-4AB9-834A-0522E1AF8093}"
EndProject
Project("{FAE04EC0-301F-11D3-BF4B-00C04F79EFBC}") = "Task", "fluent\HttpTask\Task.csproj", "{911D9E95-12A3-49E3-A42E-80CD6A11395E}"
EndProject
Project("{2150E333-8FDC-42A3-9474-1A3956D46DE8}") = "EncapsulationTask", "EncapsulationTask", "{E12AF7EF-70A5-44E5-AAF6-716CE995D692}"
EndProject
Project("{FAE04EC0-301F-11D3-BF4B-00C04F79EFBC}") = "Tests", "EncapsulationTask\Tests\Tests.csproj", "{CEEB2C58-4E71-4107-9224-D985A89B6FC4}"
EndProject
Project("{FAE04EC0-301F-11D3-BF4B-00C04F79EFBC}") = "EncapsulationTask", "EncapsulationTask\EncapsulationTask\EncapsulationTask.csproj", "{B3854672-525D-451E-A482-C13FA2998A0A}"
EndProject
Global
	GlobalSection(SolutionConfigurationPlatforms) = preSolution
		Debug|Any CPU = Debug|Any CPU
		Release|Any CPU = Release|Any CPU
	EndGlobalSection
	GlobalSection(ProjectConfigurationPlatforms) = postSolution
		{F316D94C-AB04-4349-98E0-DC3B3D46F256}.Debug|Any CPU.ActiveCfg = Debug|Any CPU
		{F316D94C-AB04-4349-98E0-DC3B3D46F256}.Debug|Any CPU.Build.0 = Debug|Any CPU
		{F316D94C-AB04-4349-98E0-DC3B3D46F256}.Release|Any CPU.ActiveCfg = Release|Any CPU
		{F316D94C-AB04-4349-98E0-DC3B3D46F256}.Release|Any CPU.Build.0 = Release|Any CPU
		{C4A3F591-E228-4522-9720-160EC4534825}.Debug|Any CPU.ActiveCfg = Debug|Any CPU
		{C4A3F591-E228-4522-9720-160EC4534825}.Debug|Any CPU.Build.0 = Debug|Any CPU
		{C4A3F591-E228-4522-9720-160EC4534825}.Release|Any CPU.ActiveCfg = Release|Any CPU
		{C4A3F591-E228-4522-9720-160EC4534825}.Release|Any CPU.Build.0 = Release|Any CPU
		{E147ABFB-D6D4-40E7-A964-F0C43679D490}.Debug|Any CPU.ActiveCfg = Debug|Any CPU
		{E147ABFB-D6D4-40E7-A964-F0C43679D490}.Debug|Any CPU.Build.0 = Debug|Any CPU
		{E147ABFB-D6D4-40E7-A964-F0C43679D490}.Release|Any CPU.ActiveCfg = Release|Any CPU
		{E147ABFB-D6D4-40E7-A964-F0C43679D490}.Release|Any CPU.Build.0 = Release|Any CPU
		{26840BBA-E7A0-49D8-9511-941FE9AFC31A}.Debug|Any CPU.ActiveCfg = Debug|Any CPU
		{26840BBA-E7A0-49D8-9511-941FE9AFC31A}.Debug|Any CPU.Build.0 = Debug|Any CPU
		{26840BBA-E7A0-49D8-9511-941FE9AFC31A}.Release|Any CPU.ActiveCfg = Release|Any CPU
		{26840BBA-E7A0-49D8-9511-941FE9AFC31A}.Release|Any CPU.Build.0 = Release|Any CPU
		{1D4223D1-C264-448B-8E81-D2FB32D1A749}.Debug|Any CPU.ActiveCfg = Debug|Any CPU
		{1D4223D1-C264-448B-8E81-D2FB32D1A749}.Debug|Any CPU.Build.0 = Debug|Any CPU
		{1D4223D1-C264-448B-8E81-D2FB32D1A749}.Release|Any CPU.ActiveCfg = Release|Any CPU
		{1D4223D1-C264-448B-8E81-D2FB32D1A749}.Release|Any CPU.Build.0 = Release|Any CPU
		{911D9E95-12A3-49E3-A42E-80CD6A11395E}.Debug|Any CPU.ActiveCfg = Debug|Any CPU
		{911D9E95-12A3-49E3-A42E-80CD6A11395E}.Debug|Any CPU.Build.0 = Debug|Any CPU
		{911D9E95-12A3-49E3-A42E-80CD6A11395E}.Release|Any CPU.ActiveCfg = Release|Any CPU
		{911D9E95-12A3-49E3-A42E-80CD6A11395E}.Release|Any CPU.Build.0 = Release|Any CPU
		{CEEB2C58-4E71-4107-9224-D985A89B6FC4}.Debug|Any CPU.ActiveCfg = Debug|Any CPU
		{CEEB2C58-4E71-4107-9224-D985A89B6FC4}.Debug|Any CPU.Build.0 = Debug|Any CPU
		{CEEB2C58-4E71-4107-9224-D985A89B6FC4}.Release|Any CPU.ActiveCfg = Release|Any CPU
		{CEEB2C58-4E71-4107-9224-D985A89B6FC4}.Release|Any CPU.Build.0 = Release|Any CPU
		{B3854672-525D-451E-A482-C13FA2998A0A}.Debug|Any CPU.ActiveCfg = Debug|Any CPU
		{B3854672-525D-451E-A482-C13FA2998A0A}.Debug|Any CPU.Build.0 = Debug|Any CPU
		{B3854672-525D-451E-A482-C13FA2998A0A}.Release|Any CPU.ActiveCfg = Release|Any CPU
		{B3854672-525D-451E-A482-C13FA2998A0A}.Release|Any CPU.Build.0 = Release|Any CPU
	EndGlobalSection
	GlobalSection(SolutionProperties) = preSolution
		HideSolutionNode = FALSE
	EndGlobalSection
	GlobalSection(NestedProjects) = preSolution
		{72B4B929-3787-4CF7-AA9C-CB0EE9393EAC} = {81290224-5D9F-4659-AB7D-A0D9E7645FE0}
		{F316D94C-AB04-4349-98E0-DC3B3D46F256} = {72B4B929-3787-4CF7-AA9C-CB0EE9393EAC}
		{C4A3F591-E228-4522-9720-160EC4534825} = {72B4B929-3787-4CF7-AA9C-CB0EE9393EAC}
		{E147ABFB-D6D4-40E7-A964-F0C43679D490} = {72B4B929-3787-4CF7-AA9C-CB0EE9393EAC}
		{37672145-0CFE-4329-BF81-4C915E9FAB58} = {81290224-5D9F-4659-AB7D-A0D9E7645FE0}
		{26840BBA-E7A0-49D8-9511-941FE9AFC31A} = {37672145-0CFE-4329-BF81-4C915E9FAB58}
		{B3A6B8A7-2827-47E4-9B7B-7B61BCA6A66F} = {81290224-5D9F-4659-AB7D-A0D9E7645FE0}
		{1D4223D1-C264-448B-8E81-D2FB32D1A749} = {B3A6B8A7-2827-47E4-9B7B-7B61BCA6A66F}
		{6CC524F5-00A5-4AB9-834A-0522E1AF8093} = {81290224-5D9F-4659-AB7D-A0D9E7645FE0}
		{911D9E95-12A3-49E3-A42E-80CD6A11395E} = {6CC524F5-00A5-4AB9-834A-0522E1AF8093}
		{E12AF7EF-70A5-44E5-AAF6-716CE995D692} = {81290224-5D9F-4659-AB7D-A0D9E7645FE0}
		{CEEB2C58-4E71-4107-9224-D985A89B6FC4} = {E12AF7EF-70A5-44E5-AAF6-716CE995D692}
		{B3854672-525D-451E-A482-C13FA2998A0A} = {E12AF7EF-70A5-44E5-AAF6-716CE995D692}
	EndGlobalSection
	GlobalSection(ExtensibilityGlobals) = postSolution
		SolutionGuid = {67022A11-8263-4353-9B75-115E9037EB0A}
	EndGlobalSection
EndGlobal
