
Microsoft Visual Studio Solution File, Format Version 12.00
# Visual Studio Version 16
VisualStudioVersion = 16.0.28803.452
MinimumVisualStudioVersion = 10.0.40219.1
Project("{2150E333-8FDC-42A3-9474-1A3956D46DE8}") = "ulearn-additional", "ulearn-additional", "{81290224-5D9F-4659-AB7D-A0D9E7645FE0}"
EndProject
Project("{2150E333-8FDC-42A3-9474-1A3956D46DE8}") = "_Template", "_Template", "{E51D5B1C-26A0-477F-AFC6-BFADB24329C1}"
EndProject
Project("{9A19103F-16F7-4668-BE54-9A1E7A4F7556}") = "Tasks", "_Template\Task\Tasks.csproj", "{ED15FD37-BEF6-4731-AA26-13B50C85FD1B}"
EndProject
Project("{9A19103F-16F7-4668-BE54-9A1E7A4F7556}") = "Solves", "_Template\Solves\Solves.csproj", "{489C528E-D7C3-42B7-9047-D609FFAB8498}"
EndProject
Project("{2150E333-8FDC-42A3-9474-1A3956D46DE8}") = "proxy", "proxy", "{37672145-0CFE-4329-BF81-4C915E9FAB58}"
EndProject
Project("{9A19103F-16F7-4668-BE54-9A1E7A4F7556}") = "Task", "proxy\Task\Task.csproj", "{26840BBA-E7A0-49D8-9511-941FE9AFC31A}"
EndProject
Project("{9A19103F-16F7-4668-BE54-9A1E7A4F7556}") = "Solves", "proxy\Solves\Solves.csproj", "{7C9C77AA-87A5-4235-8E92-077EC51A7F4B}"
EndProject
Project("{2150E333-8FDC-42A3-9474-1A3956D46DE8}") = "fluent", "fluent", "{6CC524F5-00A5-4AB9-834A-0522E1AF8093}"
EndProject
Project("{FAE04EC0-301F-11D3-BF4B-00C04F79EFBC}") = "Solves", "fluent\Solves\Solves.csproj", "{01009D0E-5CA2-47DF-B8F3-9F810E310376}"
EndProject
Project("{FAE04EC0-301F-11D3-BF4B-00C04F79EFBC}") = "Task", "fluent\HttpTask\Task.csproj", "{911D9E95-12A3-49E3-A42E-80CD6A11395E}"
EndProject
Project("{2150E333-8FDC-42A3-9474-1A3956D46DE8}") = "EncapsulationTask", "EncapsulationTask", "{E12AF7EF-70A5-44E5-AAF6-716CE995D692}"
EndProject
Project("{FAE04EC0-301F-11D3-BF4B-00C04F79EFBC}") = "Solves", "EncapsulationTask\Solves\Solves.csproj", "{47F0BD3F-D323-4A17-92FF-2A73A1F4A408}"
EndProject
Project("{FAE04EC0-301F-11D3-BF4B-00C04F79EFBC}") = "EncapsulationTask", "EncapsulationTask\EncapsulationTask\EncapsulationTask.csproj", "{B3854672-525D-451E-A482-C13FA2998A0A}"
EndProject
Project("{2150E333-8FDC-42A3-9474-1A3956D46DE8}") = "http", "http", "{7B796985-E646-45D4-B2E5-781D34DFB99D}"
EndProject
Project("{FAE04EC0-301F-11D3-BF4B-00C04F79EFBC}") = "Task", "http\HttpTask\Task.csproj", "{A6603DDE-1DE1-4DB7-A6A5-73944CDB3EF1}"
EndProject
Project("{FAE04EC0-301F-11D3-BF4B-00C04F79EFBC}") = "Solves", "http\Solves\Solves.csproj", "{A12D55C6-515E-4C96-B122-1918F67B21B4}"
EndProject
Project("{2150E333-8FDC-42A3-9474-1A3956D46DE8}") = "parallel", "parallel", "{FB955938-0C57-448D-89CF-07819EB3C979}"
EndProject
Project("{FAE04EC0-301F-11D3-BF4B-00C04F79EFBC}") = "Task", "parallel\Task\Task.csproj", "{CD744963-7998-487D-863E-237843554CC7}"
EndProject
Project("{FAE04EC0-301F-11D3-BF4B-00C04F79EFBC}") = "Solves", "parallel\Solves\Solves.csproj", "{EF6A28CF-807C-4568-ACB3-4937BA4885DD}"
EndProject
Project("{2150E333-8FDC-42A3-9474-1A3956D46DE8}") = "reflection", "reflection", "{1AE38BBA-6E35-4B08-9DBD-15F84C4E56F7}"
EndProject
Project("{FAE04EC0-301F-11D3-BF4B-00C04F79EFBC}") = "Documentation", "reflection\Documentation\Documentation.csproj", "{CB0A5464-D87A-4B1C-A781-DC5DC6203B39}"
EndProject
Project("{FAE04EC0-301F-11D3-BF4B-00C04F79EFBC}") = "Solves", "reflection\Solves\Solves.csproj", "{B8450145-27AA-40F1-B607-623844D2A519}"
EndProject
Project("{FAE04EC0-301F-11D3-BF4B-00C04F79EFBC}") = "Stringify", "reflection\Stringify\Stringify.csproj", "{0620BF81-D87B-4291-82B4-7A18C120DF0A}"
EndProject
Global
	GlobalSection(SolutionConfigurationPlatforms) = preSolution
		Debug|Any CPU = Debug|Any CPU
		Release|Any CPU = Release|Any CPU
	EndGlobalSection
	GlobalSection(ProjectConfigurationPlatforms) = postSolution
		{ED15FD37-BEF6-4731-AA26-13B50C85FD1B}.Debug|Any CPU.ActiveCfg = Debug|Any CPU
		{ED15FD37-BEF6-4731-AA26-13B50C85FD1B}.Debug|Any CPU.Build.0 = Debug|Any CPU
		{ED15FD37-BEF6-4731-AA26-13B50C85FD1B}.Release|Any CPU.ActiveCfg = Release|Any CPU
		{ED15FD37-BEF6-4731-AA26-13B50C85FD1B}.Release|Any CPU.Build.0 = Release|Any CPU
		{489C528E-D7C3-42B7-9047-D609FFAB8498}.Debug|Any CPU.ActiveCfg = Debug|Any CPU
		{489C528E-D7C3-42B7-9047-D609FFAB8498}.Debug|Any CPU.Build.0 = Debug|Any CPU
		{489C528E-D7C3-42B7-9047-D609FFAB8498}.Release|Any CPU.ActiveCfg = Release|Any CPU
		{489C528E-D7C3-42B7-9047-D609FFAB8498}.Release|Any CPU.Build.0 = Release|Any CPU
		{26840BBA-E7A0-49D8-9511-941FE9AFC31A}.Debug|Any CPU.ActiveCfg = Debug|Any CPU
		{26840BBA-E7A0-49D8-9511-941FE9AFC31A}.Debug|Any CPU.Build.0 = Debug|Any CPU
		{26840BBA-E7A0-49D8-9511-941FE9AFC31A}.Release|Any CPU.ActiveCfg = Release|Any CPU
		{26840BBA-E7A0-49D8-9511-941FE9AFC31A}.Release|Any CPU.Build.0 = Release|Any CPU
		{7C9C77AA-87A5-4235-8E92-077EC51A7F4B}.Debug|Any CPU.ActiveCfg = Debug|Any CPU
		{7C9C77AA-87A5-4235-8E92-077EC51A7F4B}.Debug|Any CPU.Build.0 = Debug|Any CPU
		{7C9C77AA-87A5-4235-8E92-077EC51A7F4B}.Release|Any CPU.ActiveCfg = Release|Any CPU
		{7C9C77AA-87A5-4235-8E92-077EC51A7F4B}.Release|Any CPU.Build.0 = Release|Any CPU
		{01009D0E-5CA2-47DF-B8F3-9F810E310376}.Debug|Any CPU.ActiveCfg = Debug|Any CPU
		{01009D0E-5CA2-47DF-B8F3-9F810E310376}.Debug|Any CPU.Build.0 = Debug|Any CPU
		{01009D0E-5CA2-47DF-B8F3-9F810E310376}.Release|Any CPU.ActiveCfg = Release|Any CPU
		{01009D0E-5CA2-47DF-B8F3-9F810E310376}.Release|Any CPU.Build.0 = Release|Any CPU
		{911D9E95-12A3-49E3-A42E-80CD6A11395E}.Debug|Any CPU.ActiveCfg = Debug|Any CPU
		{911D9E95-12A3-49E3-A42E-80CD6A11395E}.Debug|Any CPU.Build.0 = Debug|Any CPU
		{911D9E95-12A3-49E3-A42E-80CD6A11395E}.Release|Any CPU.ActiveCfg = Release|Any CPU
		{911D9E95-12A3-49E3-A42E-80CD6A11395E}.Release|Any CPU.Build.0 = Release|Any CPU
		{47F0BD3F-D323-4A17-92FF-2A73A1F4A408}.Debug|Any CPU.ActiveCfg = Debug|Any CPU
		{47F0BD3F-D323-4A17-92FF-2A73A1F4A408}.Debug|Any CPU.Build.0 = Debug|Any CPU
		{47F0BD3F-D323-4A17-92FF-2A73A1F4A408}.Release|Any CPU.ActiveCfg = Release|Any CPU
		{47F0BD3F-D323-4A17-92FF-2A73A1F4A408}.Release|Any CPU.Build.0 = Release|Any CPU
		{B3854672-525D-451E-A482-C13FA2998A0A}.Debug|Any CPU.ActiveCfg = Debug|Any CPU
		{B3854672-525D-451E-A482-C13FA2998A0A}.Debug|Any CPU.Build.0 = Debug|Any CPU
		{B3854672-525D-451E-A482-C13FA2998A0A}.Release|Any CPU.ActiveCfg = Release|Any CPU
		{B3854672-525D-451E-A482-C13FA2998A0A}.Release|Any CPU.Build.0 = Release|Any CPU
		{A6603DDE-1DE1-4DB7-A6A5-73944CDB3EF1}.Debug|Any CPU.ActiveCfg = Debug|Any CPU
		{A6603DDE-1DE1-4DB7-A6A5-73944CDB3EF1}.Debug|Any CPU.Build.0 = Debug|Any CPU
		{A6603DDE-1DE1-4DB7-A6A5-73944CDB3EF1}.Release|Any CPU.ActiveCfg = Release|Any CPU
		{A6603DDE-1DE1-4DB7-A6A5-73944CDB3EF1}.Release|Any CPU.Build.0 = Release|Any CPU
		{A12D55C6-515E-4C96-B122-1918F67B21B4}.Debug|Any CPU.ActiveCfg = Debug|Any CPU
		{A12D55C6-515E-4C96-B122-1918F67B21B4}.Debug|Any CPU.Build.0 = Debug|Any CPU
		{A12D55C6-515E-4C96-B122-1918F67B21B4}.Release|Any CPU.ActiveCfg = Release|Any CPU
		{A12D55C6-515E-4C96-B122-1918F67B21B4}.Release|Any CPU.Build.0 = Release|Any CPU
		{CD744963-7998-487D-863E-237843554CC7}.Debug|Any CPU.ActiveCfg = Debug|Any CPU
		{CD744963-7998-487D-863E-237843554CC7}.Debug|Any CPU.Build.0 = Debug|Any CPU
		{CD744963-7998-487D-863E-237843554CC7}.Release|Any CPU.ActiveCfg = Release|Any CPU
		{CD744963-7998-487D-863E-237843554CC7}.Release|Any CPU.Build.0 = Release|Any CPU
		{EF6A28CF-807C-4568-ACB3-4937BA4885DD}.Debug|Any CPU.ActiveCfg = Debug|Any CPU
		{EF6A28CF-807C-4568-ACB3-4937BA4885DD}.Debug|Any CPU.Build.0 = Debug|Any CPU
		{EF6A28CF-807C-4568-ACB3-4937BA4885DD}.Release|Any CPU.ActiveCfg = Release|Any CPU
		{EF6A28CF-807C-4568-ACB3-4937BA4885DD}.Release|Any CPU.Build.0 = Release|Any CPU
		{CB0A5464-D87A-4B1C-A781-DC5DC6203B39}.Debug|Any CPU.ActiveCfg = Debug|Any CPU
		{CB0A5464-D87A-4B1C-A781-DC5DC6203B39}.Debug|Any CPU.Build.0 = Debug|Any CPU
		{CB0A5464-D87A-4B1C-A781-DC5DC6203B39}.Release|Any CPU.ActiveCfg = Release|Any CPU
		{CB0A5464-D87A-4B1C-A781-DC5DC6203B39}.Release|Any CPU.Build.0 = Release|Any CPU
		{B8450145-27AA-40F1-B607-623844D2A519}.Debug|Any CPU.ActiveCfg = Debug|Any CPU
		{B8450145-27AA-40F1-B607-623844D2A519}.Debug|Any CPU.Build.0 = Debug|Any CPU
		{B8450145-27AA-40F1-B607-623844D2A519}.Release|Any CPU.ActiveCfg = Release|Any CPU
		{B8450145-27AA-40F1-B607-623844D2A519}.Release|Any CPU.Build.0 = Release|Any CPU
		{0620BF81-D87B-4291-82B4-7A18C120DF0A}.Debug|Any CPU.ActiveCfg = Debug|Any CPU
		{0620BF81-D87B-4291-82B4-7A18C120DF0A}.Debug|Any CPU.Build.0 = Debug|Any CPU
		{0620BF81-D87B-4291-82B4-7A18C120DF0A}.Release|Any CPU.ActiveCfg = Release|Any CPU
		{0620BF81-D87B-4291-82B4-7A18C120DF0A}.Release|Any CPU.Build.0 = Release|Any CPU
	EndGlobalSection
	GlobalSection(SolutionProperties) = preSolution
		HideSolutionNode = FALSE
	EndGlobalSection
	GlobalSection(NestedProjects) = preSolution
		{E51D5B1C-26A0-477F-AFC6-BFADB24329C1} = {81290224-5D9F-4659-AB7D-A0D9E7645FE0}
		{ED15FD37-BEF6-4731-AA26-13B50C85FD1B} = {E51D5B1C-26A0-477F-AFC6-BFADB24329C1}
		{489C528E-D7C3-42B7-9047-D609FFAB8498} = {E51D5B1C-26A0-477F-AFC6-BFADB24329C1}
		{37672145-0CFE-4329-BF81-4C915E9FAB58} = {81290224-5D9F-4659-AB7D-A0D9E7645FE0}
		{26840BBA-E7A0-49D8-9511-941FE9AFC31A} = {37672145-0CFE-4329-BF81-4C915E9FAB58}
		{7C9C77AA-87A5-4235-8E92-077EC51A7F4B} = {37672145-0CFE-4329-BF81-4C915E9FAB58}
		{6CC524F5-00A5-4AB9-834A-0522E1AF8093} = {81290224-5D9F-4659-AB7D-A0D9E7645FE0}
		{01009D0E-5CA2-47DF-B8F3-9F810E310376} = {6CC524F5-00A5-4AB9-834A-0522E1AF8093}
		{911D9E95-12A3-49E3-A42E-80CD6A11395E} = {6CC524F5-00A5-4AB9-834A-0522E1AF8093}
		{E12AF7EF-70A5-44E5-AAF6-716CE995D692} = {81290224-5D9F-4659-AB7D-A0D9E7645FE0}
		{47F0BD3F-D323-4A17-92FF-2A73A1F4A408} = {E12AF7EF-70A5-44E5-AAF6-716CE995D692}
		{B3854672-525D-451E-A482-C13FA2998A0A} = {E12AF7EF-70A5-44E5-AAF6-716CE995D692}
		{7B796985-E646-45D4-B2E5-781D34DFB99D} = {81290224-5D9F-4659-AB7D-A0D9E7645FE0}
		{A6603DDE-1DE1-4DB7-A6A5-73944CDB3EF1} = {7B796985-E646-45D4-B2E5-781D34DFB99D}
		{A12D55C6-515E-4C96-B122-1918F67B21B4} = {7B796985-E646-45D4-B2E5-781D34DFB99D}
		{FB955938-0C57-448D-89CF-07819EB3C979} = {81290224-5D9F-4659-AB7D-A0D9E7645FE0}
		{CD744963-7998-487D-863E-237843554CC7} = {FB955938-0C57-448D-89CF-07819EB3C979}
		{EF6A28CF-807C-4568-ACB3-4937BA4885DD} = {FB955938-0C57-448D-89CF-07819EB3C979}
		{1AE38BBA-6E35-4B08-9DBD-15F84C4E56F7} = {81290224-5D9F-4659-AB7D-A0D9E7645FE0}
		{CB0A5464-D87A-4B1C-A781-DC5DC6203B39} = {1AE38BBA-6E35-4B08-9DBD-15F84C4E56F7}
		{B8450145-27AA-40F1-B607-623844D2A519} = {1AE38BBA-6E35-4B08-9DBD-15F84C4E56F7}
		{0620BF81-D87B-4291-82B4-7A18C120DF0A} = {1AE38BBA-6E35-4B08-9DBD-15F84C4E56F7}
	EndGlobalSection
	GlobalSection(ExtensibilityGlobals) = postSolution
		SolutionGuid = {67022A11-8263-4353-9B75-115E9037EB0A}
	EndGlobalSection
EndGlobal
