
Microsoft Visual Studio Solution File, Format Version 12.00
# Visual Studio Version 17
VisualStudioVersion = 17.0.31903.59
MinimumVisualStudioVersion = 10.0.40219.1
Project("{F2A71F9B-5D33-465A-A702-920D77279786}") = "DungeonGame", "DungeonGame\DungeonGame.fsproj", "{D6C4CD51-0F11-4820-9BB6-DFA0A539CD61}"
EndProject
Project("{F2A71F9B-5D33-465A-A702-920D77279786}") = "DungeonGame.Tests", "DungeonGame.Tests\DungeonGame.Tests.fsproj", "{F2FFDB19-E955-4EF5-B7DA-8F6657D5DAF1}"
EndProject
Global
	GlobalSection(SolutionConfigurationPlatforms) = preSolution
		Debug|Any CPU = Debug|Any CPU
		Release|Any CPU = Release|Any CPU
	EndGlobalSection
	GlobalSection(SolutionProperties) = preSolution
		HideSolutionNode = FALSE
	EndGlobalSection
	GlobalSection(ProjectConfigurationPlatforms) = postSolution
		{D6C4CD51-0F11-4820-9BB6-DFA0A539CD61}.Debug|Any CPU.ActiveCfg = Debug|Any CPU
		{D6C4CD51-0F11-4820-9BB6-DFA0A539CD61}.Debug|Any CPU.Build.0 = Debug|Any CPU
		{D6C4CD51-0F11-4820-9BB6-DFA0A539CD61}.Release|Any CPU.ActiveCfg = Release|Any CPU
		{D6C4CD51-0F11-4820-9BB6-DFA0A539CD61}.Release|Any CPU.Build.0 = Release|Any CPU
		{F2FFDB19-E955-4EF5-B7DA-8F6657D5DAF1}.Debug|Any CPU.ActiveCfg = Debug|Any CPU
		{F2FFDB19-E955-4EF5-B7DA-8F6657D5DAF1}.Debug|Any CPU.Build.0 = Debug|Any CPU
		{F2FFDB19-E955-4EF5-B7DA-8F6657D5DAF1}.Release|Any CPU.ActiveCfg = Release|Any CPU
		{F2FFDB19-E955-4EF5-B7DA-8F6657D5DAF1}.Release|Any CPU.Build.0 = Release|Any CPU
	EndGlobalSection
EndGlobal
