
Microsoft Visual Studio Solution File, Format Version 12.00
# Visual Studio Version 17
VisualStudioVersion = 17.0.31903.59
MinimumVisualStudioVersion = 10.0.40219.1
Project("{2150E333-8FDC-42A3-9474-1A3956D46DE8}") = "DungeonGame.Solved", "DungeonGame.Solved", "{DF16E216-79DB-B2C2-28D8-D72994A463A6}"
EndProject
Project("{F2A71F9B-5D33-465A-A702-920D77279786}") = "DungeonGame", "DungeonGame.Solved\DungeonGame.fsproj", "{4CFF0A4C-8F61-4A5F-BBC7-E295DA8D7306}"
EndProject
Project("{F2A71F9B-5D33-465A-A702-920D77279786}") = "DungeonGame.Tests", "DungeonGame.Tests\DungeonGame.Tests.fsproj", "{2090235E-866A-4A6B-8801-9EAB93F7ADC9}"
EndProject
Global
	GlobalSection(SolutionConfigurationPlatforms) = preSolution
		Debug|Any CPU = Debug|Any CPU
		Debug|x64 = Debug|x64
		Debug|x86 = Debug|x86
		Release|Any CPU = Release|Any CPU
		Release|x64 = Release|x64
		Release|x86 = Release|x86
	EndGlobalSection
	GlobalSection(ProjectConfigurationPlatforms) = postSolution
		{4CFF0A4C-8F61-4A5F-BBC7-E295DA8D7306}.Debug|Any CPU.ActiveCfg = Debug|Any CPU
		{4CFF0A4C-8F61-4A5F-BBC7-E295DA8D7306}.Debug|Any CPU.Build.0 = Debug|Any CPU
		{4CFF0A4C-8F61-4A5F-BBC7-E295DA8D7306}.Debug|x64.ActiveCfg = Debug|Any CPU
		{4CFF0A4C-8F61-4A5F-BBC7-E295DA8D7306}.Debug|x64.Build.0 = Debug|Any CPU
		{4CFF0A4C-8F61-4A5F-BBC7-E295DA8D7306}.Debug|x86.ActiveCfg = Debug|Any CPU
		{4CFF0A4C-8F61-4A5F-BBC7-E295DA8D7306}.Debug|x86.Build.0 = Debug|Any CPU
		{4CFF0A4C-8F61-4A5F-BBC7-E295DA8D7306}.Release|Any CPU.ActiveCfg = Release|Any CPU
		{4CFF0A4C-8F61-4A5F-BBC7-E295DA8D7306}.Release|Any CPU.Build.0 = Release|Any CPU
		{4CFF0A4C-8F61-4A5F-BBC7-E295DA8D7306}.Release|x64.ActiveCfg = Release|Any CPU
		{4CFF0A4C-8F61-4A5F-BBC7-E295DA8D7306}.Release|x64.Build.0 = Release|Any CPU
		{4CFF0A4C-8F61-4A5F-BBC7-E295DA8D7306}.Release|x86.ActiveCfg = Release|Any CPU
		{4CFF0A4C-8F61-4A5F-BBC7-E295DA8D7306}.Release|x86.Build.0 = Release|Any CPU
		{2090235E-866A-4A6B-8801-9EAB93F7ADC9}.Debug|Any CPU.ActiveCfg = Debug|Any CPU
		{2090235E-866A-4A6B-8801-9EAB93F7ADC9}.Debug|Any CPU.Build.0 = Debug|Any CPU
		{2090235E-866A-4A6B-8801-9EAB93F7ADC9}.Debug|x64.ActiveCfg = Debug|Any CPU
		{2090235E-866A-4A6B-8801-9EAB93F7ADC9}.Debug|x64.Build.0 = Debug|Any CPU
		{2090235E-866A-4A6B-8801-9EAB93F7ADC9}.Debug|x86.ActiveCfg = Debug|Any CPU
		{2090235E-866A-4A6B-8801-9EAB93F7ADC9}.Debug|x86.Build.0 = Debug|Any CPU
		{2090235E-866A-4A6B-8801-9EAB93F7ADC9}.Release|Any CPU.ActiveCfg = Release|Any CPU
		{2090235E-866A-4A6B-8801-9EAB93F7ADC9}.Release|Any CPU.Build.0 = Release|Any CPU
		{2090235E-866A-4A6B-8801-9EAB93F7ADC9}.Release|x64.ActiveCfg = Release|Any CPU
		{2090235E-866A-4A6B-8801-9EAB93F7ADC9}.Release|x64.Build.0 = Release|Any CPU
		{2090235E-866A-4A6B-8801-9EAB93F7ADC9}.Release|x86.ActiveCfg = Release|Any CPU
		{2090235E-866A-4A6B-8801-9EAB93F7ADC9}.Release|x86.Build.0 = Release|Any CPU
	EndGlobalSection
	GlobalSection(SolutionProperties) = preSolution
		HideSolutionNode = FALSE
	EndGlobalSection
	GlobalSection(NestedProjects) = preSolution
		{4CFF0A4C-8F61-4A5F-BBC7-E295DA8D7306} = {DF16E216-79DB-B2C2-28D8-D72994A463A6}
	EndGlobalSection
EndGlobal
