
Microsoft Visual Studio Solution File, Format Version 12.00
# Visual Studio 15
VisualStudioVersion = 15.0.28307.168
MinimumVisualStudioVersion = 10.0.40219.1
Project("{FAE04EC0-301F-11D3-BF4B-00C04F79EFBC}") = "Invoking", "Invoking\Invoking.csproj", "{C4A3F591-E228-4522-9720-160EC4534825}"
EndProject
Project("{FAE04EC0-301F-11D3-BF4B-00C04F79EFBC}") = "Documentation", "Documentation\Documentation.csproj", "{E147ABFB-D6D4-40E7-A964-F0C43679D490}"
EndProject
Project("{FAE04EC0-301F-11D3-BF4B-00C04F79EFBC}") = "Stringify", "Stringify\Stringify.csproj", "{F316D94C-AB04-4349-98E0-DC3B3D46F256}"
EndProject
Global
	GlobalSection(SolutionConfigurationPlatforms) = preSolution
		Debug|Any CPU = Debug|Any CPU
		Release|Any CPU = Release|Any CPU
	EndGlobalSection
	GlobalSection(ProjectConfigurationPlatforms) = postSolution
		{C4A3F591-E228-4522-9720-160EC4534825}.Debug|Any CPU.ActiveCfg = Debug|Any CPU
		{C4A3F591-E228-4522-9720-160EC4534825}.Debug|Any CPU.Build.0 = Debug|Any CPU
		{C4A3F591-E228-4522-9720-160EC4534825}.Release|Any CPU.ActiveCfg = Release|Any CPU
		{C4A3F591-E228-4522-9720-160EC4534825}.Release|Any CPU.Build.0 = Release|Any CPU
		{E147ABFB-D6D4-40E7-A964-F0C43679D490}.Debug|Any CPU.ActiveCfg = Debug|Any CPU
		{E147ABFB-D6D4-40E7-A964-F0C43679D490}.Debug|Any CPU.Build.0 = Debug|Any CPU
		{E147ABFB-D6D4-40E7-A964-F0C43679D490}.Release|Any CPU.ActiveCfg = Release|Any CPU
		{E147ABFB-D6D4-40E7-A964-F0C43679D490}.Release|Any CPU.Build.0 = Release|Any CPU
		{F316D94C-AB04-4349-98E0-DC3B3D46F256}.Debug|Any CPU.ActiveCfg = Debug|Any CPU
		{F316D94C-AB04-4349-98E0-DC3B3D46F256}.Debug|Any CPU.Build.0 = Debug|Any CPU
		{F316D94C-AB04-4349-98E0-DC3B3D46F256}.Release|Any CPU.ActiveCfg = Release|Any CPU
		{F316D94C-AB04-4349-98E0-DC3B3D46F256}.Release|Any CPU.Build.0 = Release|Any CPU
	EndGlobalSection
	GlobalSection(SolutionProperties) = preSolution
		HideSolutionNode = FALSE
	EndGlobalSection
	GlobalSection(ExtensibilityGlobals) = postSolution
		SolutionGuid = {E3F8BF20-10CC-45D3-B4C0-E3615DDBF100}
	EndGlobalSection
EndGlobal
